
Microsoft Visual Studio Solution File, Format Version 12.00
# Visual Studio Version 17
VisualStudioVersion = 17.0.31919.166
MinimumVisualStudioVersion = 10.0.40219.1
Project("{9A19103F-16F7-4668-BE54-9A1E7A4F7556}") = "InputTinyMCEEditor.Blazor", "InputTinyMCEEditor.Blazor\InputTinyMCEEditor.Blazor.csproj", "{99912158-3691-4310-B266-D91F05644522}"
EndProject
Project("{FAE04EC0-301F-11D3-BF4B-00C04F79EFBC}") = "Demo", "Demo\Demo.csproj", "{E624A4C5-D53C-4570-A867-5CBC93580644}"
EndProject
Global
	GlobalSection(SolutionConfigurationPlatforms) = preSolution
		Debug|Any CPU = Debug|Any CPU
		Release|Any CPU = Release|Any CPU
	EndGlobalSection
	GlobalSection(ProjectConfigurationPlatforms) = postSolution
		{99912158-3691-4310-B266-D91F05644522}.Debug|Any CPU.ActiveCfg = Debug|Any CPU
		{99912158-3691-4310-B266-D91F05644522}.Debug|Any CPU.Build.0 = Debug|Any CPU
		{99912158-3691-4310-B266-D91F05644522}.Release|Any CPU.ActiveCfg = Release|Any CPU
		{99912158-3691-4310-B266-D91F05644522}.Release|Any CPU.Build.0 = Release|Any CPU
		{E624A4C5-D53C-4570-A867-5CBC93580644}.Debug|Any CPU.ActiveCfg = Debug|Any CPU
		{E624A4C5-D53C-4570-A867-5CBC93580644}.Debug|Any CPU.Build.0 = Debug|Any CPU
		{E624A4C5-D53C-4570-A867-5CBC93580644}.Release|Any CPU.ActiveCfg = Release|Any CPU
		{E624A4C5-D53C-4570-A867-5CBC93580644}.Release|Any CPU.Build.0 = Release|Any CPU
	EndGlobalSection
	GlobalSection(SolutionProperties) = preSolution
		HideSolutionNode = FALSE
	EndGlobalSection
	GlobalSection(ExtensibilityGlobals) = postSolution
		SolutionGuid = {FC5A2503-9F36-4082-BB10-7476E205A5DA}
	EndGlobalSection
EndGlobal
